
Microsoft Visual Studio Solution File, Format Version 12.00
# Visual Studio Version 17
VisualStudioVersion = 17.3.32811.315
MinimumVisualStudioVersion = 10.0.40219.1
Project("{9A19103F-16F7-4668-BE54-9A1E7A4F7556}") = "CrudOperationWebApi", "CrudOperationWebApi\CrudOperationWebApi.csproj", "{7CAF2926-3FD8-4418-AB6C-573BA30D1C29}"
EndProject
Project("{9A19103F-16F7-4668-BE54-9A1E7A4F7556}") = "Core", "Core\Core.csproj", "{C4B823D0-8959-44D1-860D-661F6C644F1B}"
EndProject
Project("{9A19103F-16F7-4668-BE54-9A1E7A4F7556}") = "Infrastructure", "Infrastructure\Infrastructure.csproj", "{922989CC-6415-4318-9D2A-84B7DF69282D}"
EndProject
Project("{00D1A9C2-B5F0-4AF3-8072-F6C62B433612}") = "EmployeeApp", "EmployeeApp\EmployeeApp.sqlproj", "{593426EB-BF00-4433-9B9C-8BD0EC7EE841}"
EndProject
Global
	GlobalSection(SolutionConfigurationPlatforms) = preSolution
		Debug|Any CPU = Debug|Any CPU
		Release|Any CPU = Release|Any CPU
	EndGlobalSection
	GlobalSection(ProjectConfigurationPlatforms) = postSolution
		{7CAF2926-3FD8-4418-AB6C-573BA30D1C29}.Debug|Any CPU.ActiveCfg = Debug|Any CPU
		{7CAF2926-3FD8-4418-AB6C-573BA30D1C29}.Debug|Any CPU.Build.0 = Debug|Any CPU
		{7CAF2926-3FD8-4418-AB6C-573BA30D1C29}.Release|Any CPU.ActiveCfg = Release|Any CPU
		{7CAF2926-3FD8-4418-AB6C-573BA30D1C29}.Release|Any CPU.Build.0 = Release|Any CPU
		{C4B823D0-8959-44D1-860D-661F6C644F1B}.Debug|Any CPU.ActiveCfg = Debug|Any CPU
		{C4B823D0-8959-44D1-860D-661F6C644F1B}.Debug|Any CPU.Build.0 = Debug|Any CPU
		{C4B823D0-8959-44D1-860D-661F6C644F1B}.Release|Any CPU.ActiveCfg = Release|Any CPU
		{C4B823D0-8959-44D1-860D-661F6C644F1B}.Release|Any CPU.Build.0 = Release|Any CPU
		{922989CC-6415-4318-9D2A-84B7DF69282D}.Debug|Any CPU.ActiveCfg = Debug|Any CPU
		{922989CC-6415-4318-9D2A-84B7DF69282D}.Debug|Any CPU.Build.0 = Debug|Any CPU
		{922989CC-6415-4318-9D2A-84B7DF69282D}.Release|Any CPU.ActiveCfg = Release|Any CPU
		{922989CC-6415-4318-9D2A-84B7DF69282D}.Release|Any CPU.Build.0 = Release|Any CPU
		{593426EB-BF00-4433-9B9C-8BD0EC7EE841}.Debug|Any CPU.ActiveCfg = Debug|Any CPU
		{593426EB-BF00-4433-9B9C-8BD0EC7EE841}.Debug|Any CPU.Build.0 = Debug|Any CPU
		{593426EB-BF00-4433-9B9C-8BD0EC7EE841}.Debug|Any CPU.Deploy.0 = Debug|Any CPU
		{593426EB-BF00-4433-9B9C-8BD0EC7EE841}.Release|Any CPU.ActiveCfg = Release|Any CPU
		{593426EB-BF00-4433-9B9C-8BD0EC7EE841}.Release|Any CPU.Build.0 = Release|Any CPU
		{593426EB-BF00-4433-9B9C-8BD0EC7EE841}.Release|Any CPU.Deploy.0 = Release|Any CPU
	EndGlobalSection
	GlobalSection(SolutionProperties) = preSolution
		HideSolutionNode = FALSE
	EndGlobalSection
	GlobalSection(ExtensibilityGlobals) = postSolution
		SolutionGuid = {EA99B890-496C-4E58-8EEF-F5B8EF206E71}
	EndGlobalSection
EndGlobal
